
Microsoft Visual Studio Solution File, Format Version 12.00
# Visual Studio Version 17
VisualStudioVersion = 17.3.32901.215
MinimumVisualStudioVersion = 10.0.40219.1
Project("{8BC9CEB8-8B4A-11D0-8D11-00A0C91BC942}") = "EnginePlayer", "EnginePlayer\EnginePlayer.vcxproj", "{B710C449-CED9-463C-8F76-E72AC00C3B44}"
EndProject
Project("{8BC9CEB8-8B4A-11D0-8D11-00A0C91BC942}") = "EngineModule", "EngineModule\EngineModule.vcxproj", "{D0180CB3-4BEA-43D4-BBCC-EF4A8C403C20}"
EndProject
Global
	GlobalSection(SolutionConfigurationPlatforms) = preSolution
		Debug|x64 = Debug|x64
		Debug|x86 = Debug|x86
		Release|x64 = Release|x64
		Release|x86 = Release|x86
	EndGlobalSection
	GlobalSection(ProjectConfigurationPlatforms) = postSolution
		{B710C449-CED9-463C-8F76-E72AC00C3B44}.Debug|x64.ActiveCfg = Debug|x64
		{B710C449-CED9-463C-8F76-E72AC00C3B44}.Debug|x64.Build.0 = Debug|x64
		{B710C449-CED9-463C-8F76-E72AC00C3B44}.Debug|x86.ActiveCfg = Debug|Win32
		{B710C449-CED9-463C-8F76-E72AC00C3B44}.Debug|x86.Build.0 = Debug|Win32
		{B710C449-CED9-463C-8F76-E72AC00C3B44}.Release|x64.ActiveCfg = Release|x64
		{B710C449-CED9-463C-8F76-E72AC00C3B44}.Release|x64.Build.0 = Release|x64
		{B710C449-CED9-463C-8F76-E72AC00C3B44}.Release|x86.ActiveCfg = Release|Win32
		{B710C449-CED9-463C-8F76-E72AC00C3B44}.Release|x86.Build.0 = Release|Win32
		{D0180CB3-4BEA-43D4-BBCC-EF4A8C403C20}.Debug|x64.ActiveCfg = Debug|x64
		{D0180CB3-4BEA-43D4-BBCC-EF4A8C403C20}.Debug|x64.Build.0 = Debug|x64
		{D0180CB3-4BEA-43D4-BBCC-EF4A8C403C20}.Debug|x86.ActiveCfg = Debug|Win32
		{D0180CB3-4BEA-43D4-BBCC-EF4A8C403C20}.Debug|x86.Build.0 = Debug|Win32
		{D0180CB3-4BEA-43D4-BBCC-EF4A8C403C20}.Release|x64.ActiveCfg = Release|x64
		{D0180CB3-4BEA-43D4-BBCC-EF4A8C403C20}.Release|x64.Build.0 = Release|x64
		{D0180CB3-4BEA-43D4-BBCC-EF4A8C403C20}.Release|x86.ActiveCfg = Release|Win32
		{D0180CB3-4BEA-43D4-BBCC-EF4A8C403C20}.Release|x86.Build.0 = Release|Win32
	EndGlobalSection
	GlobalSection(SolutionProperties) = preSolution
		HideSolutionNode = FALSE
	EndGlobalSection
	GlobalSection(ExtensibilityGlobals) = postSolution
		SolutionGuid = {7139E9C6-A52F-4F0E-A6FD-E2A761A520B8}
	EndGlobalSection
EndGlobal
